Microsoft Visual Studio Solution File, Format Version 12.00
# Visual Studio Version 17
VisualStudioVersion = 17.0.31611.283
MinimumVisualStudioVersion = 10.0.40219.1
Project("{9A19103F-16F7-4668-BE54-9A1E7A4F7556}") = "SignupWeb.Server", "SignupWeb\Server\SignupWeb.Server.csproj", "{6BCBE8AD-65E2-402B-BFAD-9BBC68285A5B}"
EndProject
Project("{9A19103F-16F7-4668-BE54-9A1E7A4F7556}") = "SignupWeb.Client", "SignupWeb\Client\SignupWeb.Client.csproj", "{CE5B296B-E34A-4505-AC78-5F853AFC35E2}"
EndProject
Global
	GlobalSection(SolutionConfigurationPlatforms) = preSolution
		Debug|Any CPU = Debug|Any CPU
		Release|Any CPU = Release|Any CPU
	EndGlobalSection
	GlobalSection(ProjectConfigurationPlatforms) = postSolution
		{6BCBE8AD-65E2-402B-BFAD-9BBC68285A5B}.Debug|Any CPU.ActiveCfg = Debug|Any CPU
		{6BCBE8AD-65E2-402B-BFAD-9BBC68285A5B}.Debug|Any CPU.Build.0 = Debug|Any CPU
		{6BCBE8AD-65E2-402B-BFAD-9BBC68285A5B}.Release|Any CPU.ActiveCfg = Release|Any CPU
		{6BCBE8AD-65E2-402B-BFAD-9BBC68285A5B}.Release|Any CPU.Build.0 = Release|Any CPU
		{CE5B296B-E34A-4505-AC78-5F853AFC35E2}.Debug|Any CPU.ActiveCfg = Debug|Any CPU
		{CE5B296B-E34A-4505-AC78-5F853AFC35E2}.Debug|Any CPU.Build.0 = Debug|Any CPU
		{CE5B296B-E34A-4505-AC78-5F853AFC35E2}.Release|Any CPU.ActiveCfg = Release|Any CPU
		{CE5B296B-E34A-4505-AC78-5F853AFC35E2}.Release|Any CPU.Build.0 = Release|Any CPU
	EndGlobalSection
	GlobalSection(SolutionProperties) = preSolution
		HideSolutionNode = FALSE
	EndGlobalSection
	GlobalSection(ExtensibilityGlobals) = postSolution
		SolutionGuid = {6F583045-CF01-4D95-B9A6-FDB6F4A0775C}
		        SolutionGuid = {61F7FB11-1E47-470C-91E2-47F8143E1572}
	EndGlobalSection
EndGlobal
